
Microsoft Visual Studio Solution File, Format Version 12.00
# Visual Studio Version 17
VisualStudioVersion = 17.6.33815.320
MinimumVisualStudioVersion = 10.0.40219.1
Project("{FAE04EC0-301F-11D3-BF4B-00C04F79EFBC}") = "P01.MatchFullName", "P01.MatchFullName\P01.MatchFullName.csproj", "{5D560E2C-AD11-4416-A2A9-EFA453D48F29}"
EndProject
Project("{FAE04EC0-301F-11D3-BF4B-00C04F79EFBC}") = "P02.MatchPhoneNumber", "P02.MatchPhoneNumber\P02.MatchPhoneNumber.csproj", "{A9AE3A59-78A5-42CD-AA4E-2FF8AD53395B}"
EndProject
Project("{FAE04EC0-301F-11D3-BF4B-00C04F79EFBC}") = "P03.MatchDates", "P03.MatchDates\P03.MatchDates.csproj", "{BF522360-15FD-4372-8729-EFA8F9B6744F}"
EndProject
Global
	GlobalSection(SolutionConfigurationPlatforms) = preSolution
		Debug|Any CPU = Debug|Any CPU
		Release|Any CPU = Release|Any CPU
	EndGlobalSection
	GlobalSection(ProjectConfigurationPlatforms) = postSolution
		{5D560E2C-AD11-4416-A2A9-EFA453D48F29}.Debug|Any CPU.ActiveCfg = Debug|Any CPU
		{5D560E2C-AD11-4416-A2A9-EFA453D48F29}.Debug|Any CPU.Build.0 = Debug|Any CPU
		{5D560E2C-AD11-4416-A2A9-EFA453D48F29}.Release|Any CPU.ActiveCfg = Release|Any CPU
		{5D560E2C-AD11-4416-A2A9-EFA453D48F29}.Release|Any CPU.Build.0 = Release|Any CPU
		{A9AE3A59-78A5-42CD-AA4E-2FF8AD53395B}.Debug|Any CPU.ActiveCfg = Debug|Any CPU
		{A9AE3A59-78A5-42CD-AA4E-2FF8AD53395B}.Debug|Any CPU.Build.0 = Debug|Any CPU
		{A9AE3A59-78A5-42CD-AA4E-2FF8AD53395B}.Release|Any CPU.ActiveCfg = Release|Any CPU
		{A9AE3A59-78A5-42CD-AA4E-2FF8AD53395B}.Release|Any CPU.Build.0 = Release|Any CPU
		{BF522360-15FD-4372-8729-EFA8F9B6744F}.Debug|Any CPU.ActiveCfg = Debug|Any CPU
		{BF522360-15FD-4372-8729-EFA8F9B6744F}.Debug|Any CPU.Build.0 = Debug|Any CPU
		{BF522360-15FD-4372-8729-EFA8F9B6744F}.Release|Any CPU.ActiveCfg = Release|Any CPU
		{BF522360-15FD-4372-8729-EFA8F9B6744F}.Release|Any CPU.Build.0 = Release|Any CPU
	EndGlobalSection
	GlobalSection(SolutionProperties) = preSolution
		HideSolutionNode = FALSE
	EndGlobalSection
	GlobalSection(ExtensibilityGlobals) = postSolution
		SolutionGuid = {23216F61-A51C-4410-B055-AC26125ADCC8}
	EndGlobalSection
EndGlobal
